
Microsoft Visual Studio Solution File, Format Version 12.00
Project("{FAE04EC0-301F-11D3-BF4B-00C04F79EFBC}") = "MrKWatkins.DocGen", "MrKWatkins.DocGen\MrKWatkins.DocGen.csproj", "{2EF91FDF-8D78-40AF-80FD-77F7E6731778}"
EndProject
Project("{FAE04EC0-301F-11D3-BF4B-00C04F79EFBC}") = "MrKWatkins.DocGen.Tests", "MrKWatkins.DocGen.Tests\MrKWatkins.DocGen.Tests.csproj", "{0DAC3863-6B27-4291-8214-DF8326F61FE9}"
EndProject
Project("{2150E333-8FDC-42A3-9474-1A3956D46DE8}") = "Solution Items", "Solution Items", "{EC54CE10-77DB-4F1D-9EA4-EFAA3497A36D}"
	ProjectSection(SolutionItems) = preProject
		Directory.Build.props = Directory.Build.props
		Directory.Packages.props = Directory.Packages.props
		.editorconfig = .editorconfig
		.gitignore = .gitignore
		License.md = License.md
		ReadMe.md = ReadMe.md
	EndProjectSection
EndProject
Project("{2150E333-8FDC-42A3-9474-1A3956D46DE8}") = ".github", ".github", "{2CD5FA32-1F2F-440F-8959-92CCB344D822}"
EndProject
Project("{2150E333-8FDC-42A3-9474-1A3956D46DE8}") = "workflows", "workflows", "{00684DA7-BE37-4859-A73B-7DD6D23B9DD8}"
	ProjectSection(SolutionItems) = preProject
		.github\workflows\build.yml = .github\workflows\build.yml
	EndProjectSection
EndProject
Project("{FAE04EC0-301F-11D3-BF4B-00C04F79EFBC}") = "MrKWatkins.DocGen.Console", "MrKWatkins.DocGen.Console\MrKWatkins.DocGen.Console.csproj", "{6DBC9495-A19C-409C-BFDD-F50CD59D65CD}"
EndProject
Project("{FAE04EC0-301F-11D3-BF4B-00C04F79EFBC}") = "MrKWatkins.DocGen.TestAssembly", "MrKWatkins.DocGen.TestAssembly\MrKWatkins.DocGen.TestAssembly.csproj", "{72087A4F-38B8-4EF1-B2C9-8F3B39C84659}"
EndProject
Global
	GlobalSection(SolutionConfigurationPlatforms) = preSolution
		Debug|Any CPU = Debug|Any CPU
		Release|Any CPU = Release|Any CPU
	EndGlobalSection
	GlobalSection(ProjectConfigurationPlatforms) = postSolution
		{2EF91FDF-8D78-40AF-80FD-77F7E6731778}.Debug|Any CPU.ActiveCfg = Debug|Any CPU
		{2EF91FDF-8D78-40AF-80FD-77F7E6731778}.Debug|Any CPU.Build.0 = Debug|Any CPU
		{2EF91FDF-8D78-40AF-80FD-77F7E6731778}.Release|Any CPU.ActiveCfg = Release|Any CPU
		{2EF91FDF-8D78-40AF-80FD-77F7E6731778}.Release|Any CPU.Build.0 = Release|Any CPU
		{0DAC3863-6B27-4291-8214-DF8326F61FE9}.Debug|Any CPU.ActiveCfg = Debug|Any CPU
		{0DAC3863-6B27-4291-8214-DF8326F61FE9}.Debug|Any CPU.Build.0 = Debug|Any CPU
		{0DAC3863-6B27-4291-8214-DF8326F61FE9}.Release|Any CPU.ActiveCfg = Release|Any CPU
		{0DAC3863-6B27-4291-8214-DF8326F61FE9}.Release|Any CPU.Build.0 = Release|Any CPU
		{8BDD6D37-E7BF-4BFE-A126-C8B7B4140031}.Debug|Any CPU.ActiveCfg = Debug|Any CPU
		{8BDD6D37-E7BF-4BFE-A126-C8B7B4140031}.Debug|Any CPU.Build.0 = Debug|Any CPU
		{8BDD6D37-E7BF-4BFE-A126-C8B7B4140031}.Release|Any CPU.ActiveCfg = Release|Any CPU
		{8BDD6D37-E7BF-4BFE-A126-C8B7B4140031}.Release|Any CPU.Build.0 = Release|Any CPU
		{6DBC9495-A19C-409C-BFDD-F50CD59D65CD}.Debug|Any CPU.ActiveCfg = Debug|Any CPU
		{6DBC9495-A19C-409C-BFDD-F50CD59D65CD}.Debug|Any CPU.Build.0 = Debug|Any CPU
		{6DBC9495-A19C-409C-BFDD-F50CD59D65CD}.Release|Any CPU.ActiveCfg = Release|Any CPU
		{6DBC9495-A19C-409C-BFDD-F50CD59D65CD}.Release|Any CPU.Build.0 = Release|Any CPU
		{72087A4F-38B8-4EF1-B2C9-8F3B39C84659}.Debug|Any CPU.ActiveCfg = Debug|Any CPU
		{72087A4F-38B8-4EF1-B2C9-8F3B39C84659}.Debug|Any CPU.Build.0 = Debug|Any CPU
		{72087A4F-38B8-4EF1-B2C9-8F3B39C84659}.Release|Any CPU.ActiveCfg = Release|Any CPU
		{72087A4F-38B8-4EF1-B2C9-8F3B39C84659}.Release|Any CPU.Build.0 = Release|Any CPU
	EndGlobalSection
	GlobalSection(NestedProjects) = preSolution
		{2CD5FA32-1F2F-440F-8959-92CCB344D822} = {EC54CE10-77DB-4F1D-9EA4-EFAA3497A36D}
		{00684DA7-BE37-4859-A73B-7DD6D23B9DD8} = {2CD5FA32-1F2F-440F-8959-92CCB344D822}
	EndGlobalSection
EndGlobal
